{
    "name": "worker",
    "version": "1.0.0",
    "lockfileVersion": 1,
    "requires": true,
    "dependencies": {
        "@types/node": {
            "version": "12.0.10",
            "resolved": "https://registry.npm.taobao.org/@types/node/download/@types/node-12.0.10.tgz",
            "integrity": "sha1-Ubq/nH3q3VNDYgBV/Ir/eZXIsDE="
        },
        "@types/normalize-package-data": {
            "version": "2.4.0",
            "resolved": "https://registry.npm.taobao.org/@types/normalize-package-data/download/@types/normalize-package-data-2.4.0.tgz",
            "integrity": "sha1-5IbQ2XOW15vu3QpuM/RTT/a0lz4=",
            "dev": true
        },
        "argparse": {
            "version": "1.0.10",
            "resolved": "https://registry.npm.taobao.org/argparse/download/argparse-1.0.10.tgz",
            "integrity": "sha1-vNZ5HqWuCXJeF+WtmIE0zUCz2RE=",
            "dev": true,
            "requires": {
                "sprintf-js": "~1.0.2"
            }
        },
        "boolbase": {
            "version": "1.0.0",
            "resolved": "https://registry.npm.taobao.org/boolbase/download/boolbase-1.0.0.tgz",
            "integrity": "sha1-aN/1++YMUes3cl6p4+0xDcwed24="
        },
        "caller-callsite": {
            "version": "2.0.0",
            "resolved": "https://registry.npm.taobao.org/caller-callsite/download/caller-callsite-2.0.0.tgz",
            "integrity": "sha1-hH4PzgoiN1CpoCfFSzNzGtMVQTQ=",
            "dev": true,
            "requires": {
                "callsites": "^2.0.0"
            }
        },
        "caller-path": {
            "version": "2.0.0",
            "resolved": "https://registry.npm.taobao.org/caller-path/download/caller-path-2.0.0.tgz",
            "integrity": "sha1-Ro+DBE42mrIBD6xfBs7uFbsssfQ=",
            "dev": true,
            "requires": {
                "caller-callsite": "^2.0.0"
            }
        },
        "callsites": {
            "version": "2.0.0",
            "resolved": "https://registry.npm.taobao.org/callsites/download/callsites-2.0.0.tgz",
            "integrity": "sha1-BuuE8A7qQT2oav/vrL/7Ngk7PFA=",
            "dev": true
        },
        "cheerio": {
            "version": "1.0.0-rc.3",
            "resolved": "https://registry.npm.taobao.org/cheerio/download/cheerio-1.0.0-rc.3.tgz?cache=0&other_urls=https%3A%2F%2Fregistry.npm.taobao.org%2Fcheerio%2Fdownload%2Fcheerio-1.0.0-rc.3.tgz",
            "integrity": "sha1-CUY21CWy6cD065GkbAVjDJoai/Y=",
            "requires": {
                "css-select": "~1.2.0",
                "dom-serializer": "~0.1.1",
                "entities": "~1.1.1",
                "htmlparser2": "^3.9.1",
                "lodash": "^4.15.0",
                "parse5": "^3.0.1"
            }
        },
        "ci-info": {
            "version": "2.0.0",
            "resolved": "https://registry.npm.taobao.org/ci-info/download/ci-info-2.0.0.tgz",
            "integrity": "sha1-Z6npZL4xpR4V5QENWObxKDQAL0Y=",
            "dev": true
        },
        "cosmiconfig": {
            "version": "5.2.1",
            "resolved": "https://registry.npm.taobao.org/cosmiconfig/download/cosmiconfig-5.2.1.tgz",
            "integrity": "sha1-BA9yaAnFked6F8CjYmykW08Wixo=",
            "dev": true,
            "requires": {
                "import-fresh": "^2.0.0",
                "is-directory": "^0.3.1",
                "js-yaml": "^3.13.1",
                "parse-json": "^4.0.0"
            }
        },
        "cross-spawn": {
            "version": "6.0.5",
            "resolved": "https://registry.npm.taobao.org/cross-spawn/download/cross-spawn-6.0.5.tgz?cache=0&other_urls=https%3A%2F%2Fregistry.npm.taobao.org%2Fcross-spawn%2Fdownload%2Fcross-spawn-6.0.5.tgz",
            "integrity": "sha1-Sl7Hxk364iw6FBJNus3uhG2Ay8Q=",
            "dev": true,
            "requires": {
                "nice-try": "^1.0.4",
                "path-key": "^2.0.1",
                "semver": "^5.5.0",
                "shebang-command": "^1.2.0",
                "which": "^1.2.9"
            }
        },
        "css-select": {
            "version": "1.2.0",
            "resolved": "https://registry.npm.taobao.org/css-select/download/css-select-1.2.0.tgz",
            "integrity": "sha1-KzoRBTnFNV8c2NMUYj6HCxIeyFg=",
            "requires": {
                "boolbase": "~1.0.0",
                "css-what": "2.1",
                "domutils": "1.5.1",
                "nth-check": "~1.0.1"
            }
        },
        "css-what": {
            "version": "2.1.3",
            "resolved": "https://registry.npm.taobao.org/css-what/download/css-what-2.1.3.tgz",
            "integrity": "sha1-ptdgRXM2X+dGhsPzEcVlE9iChfI="
        },
        "dom-serializer": {
            "version": "0.1.1",
            "resolved": "https://registry.npm.taobao.org/dom-serializer/download/dom-serializer-0.1.1.tgz",
            "integrity": "sha1-HsQFnihLq+027sKUHUqXChic58A=",
            "requires": {
                "domelementtype": "^1.3.0",
                "entities": "^1.1.1"
            }
        },
        "domelementtype": {
            "version": "1.3.1",
            "resolved": "https://registry.npm.taobao.org/domelementtype/download/domelementtype-1.3.1.tgz",
            "integrity": "sha1-0EjESzew0Qp/Kj1f7j9DM9eQSB8="
        },
        "domhandler": {
            "version": "2.4.2",
            "resolved": "https://registry.npm.taobao.org/domhandler/download/domhandler-2.4.2.tgz",
            "integrity": "sha1-iAUJfpM9ZehVRvcm1g9euItE+AM=",
            "requires": {
                "domelementtype": "1"
            }
        },
        "domutils": {
            "version": "1.5.1",
            "resolved": "https://registry.npm.taobao.org/domutils/download/domutils-1.5.1.tgz",
            "integrity": "sha1-3NhIiib1Y9YQeeSMn3t+Mjc2gs8=",
            "requires": {
                "dom-serializer": "0",
                "domelementtype": "1"
            }
        },
        "end-of-stream": {
            "version": "1.4.1",
            "resolved": "https://registry.npm.taobao.org/end-of-stream/download/end-of-stream-1.4.1.tgz?cache=0&other_urls=https%3A%2F%2Fregistry.npm.taobao.org%2Fend-of-stream%2Fdownload%2Fend-of-stream-1.4.1.tgz",
            "integrity": "sha1-7SljTRm6ukY7bOa4CjchPqtx7EM=",
            "dev": true,
            "requires": {
                "once": "^1.4.0"
            }
        },
        "entities": {
            "version": "1.1.2",
            "resolved": "https://registry.npm.taobao.org/entities/download/entities-1.1.2.tgz",
            "integrity": "sha1-vfpzUplmTfr9NFKe1PhSKidf6lY="
        },
        "error-ex": {
            "version": "1.3.2",
            "resolved": "https://registry.npm.taobao.org/error-ex/download/error-ex-1.3.2.tgz",
            "integrity": "sha1-tKxAZIEH/c3PriQvQovqihTU8b8=",
            "dev": true,
            "requires": {
                "is-arrayish": "^0.2.1"
            }
        },
        "esprima": {
            "version": "4.0.1",
            "resolved": "https://registry.npm.taobao.org/esprima/download/esprima-4.0.1.tgz?cache=0&other_urls=https%3A%2F%2Fregistry.npm.taobao.org%2Fesprima%2Fdownload%2Fesprima-4.0.1.tgz",
            "integrity": "sha1-E7BM2z5sXRnfkatph6hpVhmwqnE=",
            "dev": true
        },
        "execa": {
            "version": "1.0.0",
            "resolved": "https://registry.npm.taobao.org/execa/download/execa-1.0.0.tgz",
            "integrity": "sha1-xiNqW7TfbW8V6I5/AXeYIWdJ3dg=",
            "dev": true,
            "requires": {
                "cross-spawn": "^6.0.0",
                "get-stream": "^4.0.0",
                "is-stream": "^1.1.0",
                "npm-run-path": "^2.0.0",
                "p-finally": "^1.0.0",
                "signal-exit": "^3.0.0",
                "strip-eof": "^1.0.0"
            }
        },
        "find-up": {
            "version": "3.0.0",
            "resolved": "https://registry.npm.taobao.org/find-up/download/find-up-3.0.0.tgz",
            "integrity": "sha1-SRafHXmTQwZG2mHsxa41XCHJe3M=",
            "dev": true,
            "requires": {
                "locate-path": "^3.0.0"
            }
        },
        "get-stdin": {
            "version": "7.0.0",
            "resolved": "https://registry.npm.taobao.org/get-stdin/download/get-stdin-7.0.0.tgz",
            "integrity": "sha1-jV3pjxUXGhJcXlFmQ8em0OqKlvY=",
            "dev": true
        },
        "get-stream": {
            "version": "4.1.0",
            "resolved": "https://registry.npm.taobao.org/get-stream/download/get-stream-4.1.0.tgz",
            "integrity": "sha1-wbJVV189wh1Zv8ec09K0axw6VLU=",
            "dev": true,
            "requires": {
                "pump": "^3.0.0"
            }
        },
        "hosted-git-info": {
            "version": "2.7.1",
            "resolved": "https://registry.npm.taobao.org/hosted-git-info/download/hosted-git-info-2.7.1.tgz",
            "integrity": "sha1-l/I2l3vW4SVAiTD/bePuxigewEc=",
            "dev": true
        },
        "htmlparser2": {
            "version": "3.10.1",
            "resolved": "https://registry.npm.taobao.org/htmlparser2/download/htmlparser2-3.10.1.tgz",
            "integrity": "sha1-vWedw/WYl7ajS7EHSchVu1OpOS8=",
            "requires": {
                "domelementtype": "^1.3.1",
                "domhandler": "^2.3.0",
                "domutils": "^1.5.1",
                "entities": "^1.1.1",
                "inherits": "^2.0.1",
                "readable-stream": "^3.1.1"
            }
        },
        "husky": {
            "version": "2.4.1",
            "resolved": "https://registry.npm.taobao.org/husky/download/husky-2.4.1.tgz",
            "integrity": "sha1-3QD5ZG+Gk7k/ezoSukvgC+Dv96s=",
            "dev": true,
            "requires": {
                "cosmiconfig": "^5.2.0",
                "execa": "^1.0.0",
                "find-up": "^3.0.0",
                "get-stdin": "^7.0.0",
                "is-ci": "^2.0.0",
                "pkg-dir": "^4.1.0",
                "please-upgrade-node": "^3.1.1",
                "read-pkg": "^5.1.1",
                "run-node": "^1.0.0",
                "slash": "^3.0.0"
            }
        },
        "import-fresh": {
            "version": "2.0.0",
            "resolved": "https://registry.npm.taobao.org/import-fresh/download/import-fresh-2.0.0.tgz",
            "integrity": "sha1-2BNVwVYS04bGH53dOSLUMEgipUY=",
            "dev": true,
            "requires": {
                "caller-path": "^2.0.0",
                "resolve-from": "^3.0.0"
            }
        },
        "inherits": {
            "version": "2.0.4",
            "resolved": "https://registry.npm.taobao.org/inherits/download/inherits-2.0.4.tgz",
            "integrity": "sha1-D6LGT5MpF8NDOg3tVTY6rjdBa3w="
        },
        "is-arrayish": {
            "version": "0.2.1",
            "resolved": "https://registry.npm.taobao.org/is-arrayish/download/is-arrayish-0.2.1.tgz",
            "integrity": "sha1-d8mYQFJ6qOyxqLppe4BkWnqSap0=",
            "dev": true
        },
        "is-ci": {
            "version": "2.0.0",
            "resolved": "https://registry.npm.taobao.org/is-ci/download/is-ci-2.0.0.tgz",
            "integrity": "sha1-a8YzQYGBDgS1wis9WJ/cpVAmQEw=",
            "dev": true,
            "requires": {
                "ci-info": "^2.0.0"
            }
        },
        "is-directory": {
            "version": "0.3.1",
            "resolved": "https://registry.npm.taobao.org/is-directory/download/is-directory-0.3.1.tgz",
            "integrity": "sha1-YTObbyR1/Hcv2cnYP1yFddwVSuE=",
            "dev": true
        },
        "is-stream": {
            "version": "1.1.0",
            "resolved": "https://registry.npm.taobao.org/is-stream/download/is-stream-1.1.0.tgz",
            "integrity": "sha1-EtSj3U5o4Lec6428hBc66A2RykQ=",
            "dev": true
        },
        "isexe": {
            "version": "2.0.0",
            "resolved": "https://registry.npm.taobao.org/isexe/download/isexe-2.0.0.tgz",
            "integrity": "sha1-6PvzdNxVb/iUehDcsFctYz8s+hA=",
            "dev": true
        },
        "js-yaml": {
            "version": "3.13.1",
            "resolved": "https://registry.npm.taobao.org/js-yaml/download/js-yaml-3.13.1.tgz",
            "integrity": "sha1-r/FRswv9+o5J4F2iLnQV6d+jeEc=",
            "dev": true,
            "requires": {
                "argparse": "^1.0.7",
                "esprima": "^4.0.0"
            }
        },
        "json-parse-better-errors": {
            "version": "1.0.2",
            "resolved": "https://registry.npm.taobao.org/json-parse-better-errors/download/json-parse-better-errors-1.0.2.tgz",
            "integrity": "sha1-u4Z8+zRQ5pEHwTHRxRS6s9yLyqk=",
            "dev": true
        },
        "locate-path": {
            "version": "3.0.0",
            "resolved": "https://registry.npm.taobao.org/locate-path/download/locate-path-3.0.0.tgz",
            "integrity": "sha1-2+w7OrdZdYBxtY/ln8QYca8hQA4=",
            "dev": true,
            "requires": {
                "p-locate": "^3.0.0",
                "path-exists": "^3.0.0"
            }
        },
        "lodash": {
            "version": "4.17.11",
            "resolved": "https://registry.npm.taobao.org/lodash/download/lodash-4.17.11.tgz",
            "integrity": "sha1-s56mIp72B+zYniyN8SU2iRysm40="
        },
        "nice-try": {
            "version": "1.0.5",
            "resolved": "https://registry.npm.taobao.org/nice-try/download/nice-try-1.0.5.tgz",
            "integrity": "sha1-ozeKdpbOfSI+iPybdkvX7xCJ42Y=",
            "dev": true
        },
        "normalize-package-data": {
            "version": "2.5.0",
            "resolved": "https://registry.npm.taobao.org/normalize-package-data/download/normalize-package-data-2.5.0.tgz",
            "integrity": "sha1-5m2xg4sgDB38IzIl0SyzZSDiNKg=",
            "dev": true,
            "requires": {
                "hosted-git-info": "^2.1.4",
                "resolve": "^1.10.0",
                "semver": "2 || 3 || 4 || 5",
                "validate-npm-package-license": "^3.0.1"
            }
        },
        "npm-run-path": {
            "version": "2.0.2",
            "resolved": "https://registry.npm.taobao.org/npm-run-path/download/npm-run-path-2.0.2.tgz",
            "integrity": "sha1-NakjLfo11wZ7TLLd8jV7GHFTbF8=",
            "dev": true,
            "requires": {
                "path-key": "^2.0.0"
            }
        },
        "nth-check": {
            "version": "1.0.2",
            "resolved": "https://registry.npm.taobao.org/nth-check/download/nth-check-1.0.2.tgz",
            "integrity": "sha1-sr0pXDfj3VijvwcAN2Zjuk2c8Fw=",
            "requires": {
                "boolbase": "~1.0.0"
            }
        },
        "once": {
            "version": "1.4.0",
            "resolved": "https://registry.npm.taobao.org/once/download/once-1.4.0.tgz",
            "integrity": "sha1-WDsap3WWHUsROsF9nFC6753Xa9E=",
            "dev": true,
            "requires": {
                "wrappy": "1"
            }
        },
        "p-finally": {
            "version": "1.0.0",
            "resolved": "https://registry.npm.taobao.org/p-finally/download/p-finally-1.0.0.tgz?cache=0&sync_timestamp=1560955759606&other_urls=https%3A%2F%2Fregistry.npm.taobao.org%2Fp-finally%2Fdownload%2Fp-finally-1.0.0.tgz",
            "integrity": "sha1-P7z7FbiZpEEjs0ttzBi3JDNqLK4=",
            "dev": true
        },
        "p-limit": {
            "version": "2.2.0",
            "resolved": "https://registry.npm.taobao.org/p-limit/download/p-limit-2.2.0.tgz",
            "integrity": "sha1-QXyZQeYCepq8ulCS3SkE4lW1+8I=",
            "dev": true,
            "requires": {
                "p-try": "^2.0.0"
            }
        },
        "p-locate": {
            "version": "3.0.0",
            "resolved": "https://registry.npm.taobao.org/p-locate/download/p-locate-3.0.0.tgz",
            "integrity": "sha1-Mi1poFwCZLJZl9n0DNiokasAZKQ=",
            "dev": true,
            "requires": {
                "p-limit": "^2.0.0"
            }
        },
        "p-try": {
            "version": "2.2.0",
            "resolved": "https://registry.npm.taobao.org/p-try/download/p-try-2.2.0.tgz",
            "integrity": "sha1-yyhoVA4xPWHeWPr741zpAE1VQOY=",
            "dev": true
        },
        "parse-json": {
            "version": "4.0.0",
            "resolved": "https://registry.npm.taobao.org/parse-json/download/parse-json-4.0.0.tgz",
            "integrity": "sha1-vjX1Qlvh9/bHRxhPmKeIy5lHfuA=",
            "dev": true,
            "requires": {
                "error-ex": "^1.3.1",
                "json-parse-better-errors": "^1.0.1"
            }
        },
        "parse5": {
            "version": "3.0.3",
            "resolved": "https://registry.npm.taobao.org/parse5/download/parse5-3.0.3.tgz",
            "integrity": "sha1-BC95L/3TaFFVHPTp4Gazh0q0W1w=",
            "requires": {
                "@types/node": "*"
            }
        },
        "path-exists": {
            "version": "3.0.0",
            "resolved": "https://registry.npm.taobao.org/path-exists/download/path-exists-3.0.0.tgz",
            "integrity": "sha1-zg6+ql94yxiSXqfYENe1mwEP1RU=",
            "dev": true
        },
        "path-key": {
            "version": "2.0.1",
            "resolved": "https://registry.npm.taobao.org/path-key/download/path-key-2.0.1.tgz",
            "integrity": "sha1-QRyttXTFoUDTpLGRDUDYDMn0C0A=",
            "dev": true
        },
        "path-parse": {
            "version": "1.0.6",
            "resolved": "https://registry.npm.taobao.org/path-parse/download/path-parse-1.0.6.tgz",
            "integrity": "sha1-1i27VnlAXXLEc37FhgDp3c8G0kw=",
            "dev": true
        },
        "pkg-dir": {
            "version": "4.2.0",
            "resolved": "https://registry.npm.taobao.org/pkg-dir/download/pkg-dir-4.2.0.tgz",
            "integrity": "sha1-8JkTPfft5CLoHR2ESCcO6z5CYfM=",
            "dev": true,
            "requires": {
                "find-up": "^4.0.0"
            },
            "dependencies": {
                "find-up": {
                    "version": "4.1.0",
                    "resolved": "https://registry.npm.taobao.org/find-up/download/find-up-4.1.0.tgz",
                    "integrity": "sha1-l6/n1s3AvFkoWEt8jXsW6KmqXRk=",
                    "dev": true,
                    "requires": {
                        "locate-path": "^5.0.0",
                        "path-exists": "^4.0.0"
                    }
                },
                "locate-path": {
                    "version": "5.0.0",
                    "resolved": "https://registry.npm.taobao.org/locate-path/download/locate-path-5.0.0.tgz",
                    "integrity": "sha1-Gvujlq/WdqbUJQTQpno6frn2KqA=",
                    "dev": true,
                    "requires": {
                        "p-locate": "^4.1.0"
                    }
                },
                "p-locate": {
                    "version": "4.1.0",
                    "resolved": "https://registry.npm.taobao.org/p-locate/download/p-locate-4.1.0.tgz",
                    "integrity": "sha1-o0KLtwiLOmApL2aRkni3wpetTwc=",
                    "dev": true,
                    "requires": {
                        "p-limit": "^2.2.0"
                    }
                },
                "path-exists": {
                    "version": "4.0.0",
                    "resolved": "https://registry.npm.taobao.org/path-exists/download/path-exists-4.0.0.tgz",
                    "integrity": "sha1-UTvb4tO5XXdi6METfvoZXGxhtbM=",
                    "dev": true
                }
            }
        },
        "please-upgrade-node": {
            "version": "3.1.1",
            "resolved": "https://registry.npm.taobao.org/please-upgrade-node/download/please-upgrade-node-3.1.1.tgz",
            "integrity": "sha1-7TIAUd/MUCT65pZxLIKImTWV6Kw=",
            "dev": true,
            "requires": {
                "semver-compare": "^1.0.0"
            }
        },
        "prettier": {
            "version": "1.18.2",
            "resolved": "https://registry.npm.taobao.org/prettier/download/prettier-1.18.2.tgz",
            "integrity": "sha1-aCPnxZAAF7S9Os9G/prEtNe9qeo=",
            "dev": true
        },
        "pump": {
            "version": "3.0.0",
            "resolved": "https://registry.npm.taobao.org/pump/download/pump-3.0.0.tgz",
            "integrity": "sha1-tKIRaBW94vTh6mAjVOjHVWUQemQ=",
            "dev": true,
            "requires": {
                "end-of-stream": "^1.1.0",
                "once": "^1.3.1"
            }
        },
        "read-pkg": {
            "version": "5.1.1",
            "resolved": "https://registry.npm.taobao.org/read-pkg/download/read-pkg-5.1.1.tgz",
            "integrity": "sha1-XPI03eekBckMiKUZq3PEZ+nLg/U=",
            "dev": true,
            "requires": {
                "@types/normalize-package-data": "^2.4.0",
                "normalize-package-data": "^2.5.0",
                "parse-json": "^4.0.0",
                "type-fest": "^0.4.1"
            }
        },
        "readable-stream": {
            "version": "3.4.0",
            "resolved": "https://registry.npm.taobao.org/readable-stream/download/readable-stream-3.4.0.tgz?cache=0&other_urls=https%3A%2F%2Fregistry.npm.taobao.org%2Freadable-stream%2Fdownload%2Freadable-stream-3.4.0.tgz",
            "integrity": "sha1-pRwmdUZY4KPCHb9ZFjvUW6b0R/w=",
            "requires": {
                "inherits": "^2.0.3",
                "string_decoder": "^1.1.1",
                "util-deprecate": "^1.0.1"
            }
        },
        "resolve": {
            "version": "1.11.1",
            "resolved": "https://registry.npm.taobao.org/resolve/download/resolve-1.11.1.tgz",
            "integrity": "sha1-6hDYEQN2mC/vV434/DC5rDCgej4=",
            "dev": true,
            "requires": {
                "path-parse": "^1.0.6"
            }
        },
        "resolve-from": {
            "version": "3.0.0",
            "resolved": "https://registry.npm.taobao.org/resolve-from/download/resolve-from-3.0.0.tgz",
            "integrity": "sha1-six699nWiBvItuZTM17rywoYh0g=",
            "dev": true
        },
        "run-node": {
            "version": "1.0.0",
            "resolved": "https://registry.npm.taobao.org/run-node/download/run-node-1.0.0.tgz",
            "integrity": "sha1-RrULlGoqotSUeuHYhumFb9nKvl4=",
            "dev": true
        },
        "safe-buffer": {
            "version": "5.1.2",
            "resolved": "https://registry.npm.taobao.org/safe-buffer/download/safe-buffer-5.1.2.tgz",
            "integrity": "sha1-mR7GnSluAxN0fVm9/St0XDX4go0="
        },
        "semver": {
            "version": "5.7.0",
            "resolved": "https://registry.npm.taobao.org/semver/download/semver-5.7.0.tgz?cache=0&other_urls=https%3A%2F%2Fregistry.npm.taobao.org%2Fsemver%2Fdownload%2Fsemver-5.7.0.tgz",
            "integrity": "sha1-eQp89v6lRZuslhELKbYEEtyP+Ws=",
            "dev": true
        },
        "semver-compare": {
            "version": "1.0.0",
            "resolved": "https://registry.npm.taobao.org/semver-compare/download/semver-compare-1.0.0.tgz",
            "integrity": "sha1-De4hahyUGrN+nvsXiPavxf9VN/w=",
            "dev": true
        },
        "shebang-command": {
            "version": "1.2.0",
            "resolved": "https://registry.npm.taobao.org/shebang-command/download/shebang-command-1.2.0.tgz",
            "integrity": "sha1-RKrGW2lbAzmJaMOfNj/uXer98eo=",
            "dev": true,
            "requires": {
                "shebang-regex": "^1.0.0"
            }
        },
        "shebang-regex": {
            "version": "1.0.0",
            "resolved": "https://registry.npm.taobao.org/shebang-regex/download/shebang-regex-1.0.0.tgz",
            "integrity": "sha1-2kL0l0DAtC2yypcoVxyxkMmO/qM=",
            "dev": true
        },
        "signal-exit": {
            "version": "3.0.2",
            "resolved": "https://registry.npm.taobao.org/signal-exit/download/signal-exit-3.0.2.tgz",
            "integrity": "sha1-tf3AjxKH6hF4Yo5BXiUTK3NkbG0=",
            "dev": true
        },
        "slash": {
            "version": "3.0.0",
            "resolved": "https://registry.npm.taobao.org/slash/download/slash-3.0.0.tgz",
            "integrity": "sha1-ZTm+hwwWWtvVJAIg2+Nh8bxNRjQ=",
            "dev": true
        },
        "spdx-correct": {
            "version": "3.1.0",
            "resolved": "https://registry.npm.taobao.org/spdx-correct/download/spdx-correct-3.1.0.tgz",
            "integrity": "sha1-+4PlBERSaPFUsHTiGMh8ADzTHfQ=",
            "dev": true,
            "requires": {
                "spdx-expression-parse": "^3.0.0",
                "spdx-license-ids": "^3.0.0"
            }
        },
        "spdx-exceptions": {
            "version": "2.2.0",
            "resolved": "https://registry.npm.taobao.org/spdx-exceptions/download/spdx-exceptions-2.2.0.tgz",
            "integrity": "sha1-LqRQrudPKom/uUUZwH/Nb0EyKXc=",
            "dev": true
        },
        "spdx-expression-parse": {
            "version": "3.0.0",
            "resolved": "https://registry.npm.taobao.org/spdx-expression-parse/download/spdx-expression-parse-3.0.0.tgz",
            "integrity": "sha1-meEZt6XaAOBUkcn6M4t5BII7QdA=",
            "dev": true,
            "requires": {
                "spdx-exceptions": "^2.1.0",
                "spdx-license-ids": "^3.0.0"
            }
        },
        "spdx-license-ids": {
            "version": "3.0.4",
            "resolved": "https://registry.npm.taobao.org/spdx-license-ids/download/spdx-license-ids-3.0.4.tgz",
            "integrity": "sha1-dezRqI3owYTvAV6vtRtbSL/RG7E=",
            "dev": true
        },
        "sprintf-js": {
            "version": "1.0.3",
            "resolved": "https://registry.npm.taobao.org/sprintf-js/download/sprintf-js-1.0.3.tgz?cache=0&other_urls=https%3A%2F%2Fregistry.npm.taobao.org%2Fsprintf-js%2Fdownload%2Fsprintf-js-1.0.3.tgz",
            "integrity": "sha1-BOaSb2YolTVPPdAVIDYzuFcpfiw=",
            "dev": true
        },
        "string_decoder": {
            "version": "1.2.0",
            "resolved": "https://registry.npm.taobao.org/string_decoder/download/string_decoder-1.2.0.tgz",
            "integrity": "sha1-/obnOLGVRK/nBGkkOyoe6SQOro0=",
            "requires": {
                "safe-buffer": "~5.1.0"
            }
        },
        "strip-eof": {
            "version": "1.0.0",
            "resolved": "https://registry.npm.taobao.org/strip-eof/download/strip-eof-1.0.0.tgz",
            "integrity": "sha1-u0P/VZim6wXYm1n80SnJgzE2Br8=",
            "dev": true
        },
        "type-fest": {
            "version": "0.4.1",
            "resolved": "https://registry.npm.taobao.org/type-fest/download/type-fest-0.4.1.tgz",
            "integrity": "sha1-i993dDOF2KTxO6lfYQ9czWjHKPg=",
            "dev": true
        },
        "util-deprecate": {
            "version": "1.0.2",
            "resolved": "https://registry.npm.taobao.org/util-deprecate/download/util-deprecate-1.0.2.tgz",
            "integrity": "sha1-RQ1Nyfpw3nMnYvvS1KKJgUGaDM8="
        },
        "validate-npm-package-license": {
            "version": "3.0.4",
            "resolved": "https://registry.npm.taobao.org/validate-npm-package-license/download/validate-npm-package-license-3.0.4.tgz",
            "integrity": "sha1-/JH2uce6FchX9MssXe/uw51PQQo=",
            "dev": true,
            "requires": {
                "spdx-correct": "^3.0.0",
                "spdx-expression-parse": "^3.0.0"
            }
        },
        "which": {
            "version": "1.3.1",
            "resolved": "https://registry.npm.taobao.org/which/download/which-1.3.1.tgz",
            "integrity": "sha1-pFBD1U9YBTFtqNYvn1CRjT2nCwo=",
            "dev": true,
            "requires": {
                "isexe": "^2.0.0"
            }
        },
        "wrappy": {
            "version": "1.0.2",
            "resolved": "https://registry.npm.taobao.org/wrappy/download/wrappy-1.0.2.tgz",
            "integrity": "sha1-tSQ9jz7BqjXxNkYFvA0QNuMKtp8=",
            "dev": true
        }
    }
}
